{
  "name": "shadow-cljs-generator-issue",
  "version": "1.0.0",
  "lockfileVersion": 1,
  "requires": true,
  "dependencies": {
    "shadow-cljs-generator-issue-dep": {
      "version": "git+ssh://git@github.com/Risto-Stevcev/shadow-cljs-generator-issue-dep.git#61d28b742f84f7e90a989208a3a7a9e4ff093c13",
      "from": "git+ssh://git@github.com/Risto-Stevcev/shadow-cljs-generator-issue-dep.git"
    }
  }
}
